
Microsoft Visual Studio Solution File, Format Version 12.00
# Visual Studio Version 17
VisualStudioVersion = 17.14.37027.9
MinimumVisualStudioVersion = 10.0.40219.1
Project("{FAE04EC0-301F-11D3-BF4B-00C04F79EFBC}") = "Sorting", "Sorting\Sorting.csproj", "{0328400B-01C5-48BB-941B-04DF48880B71}"
EndProject
Project("{FAE04EC0-301F-11D3-BF4B-00C04F79EFBC}") = "SortingWF", "SortingWF\SortingWF.csproj", "{1E89A914-8CFE-488D-BDCF-89E9A874CBB1}"
EndProject
Global
	GlobalSection(SolutionConfigurationPlatforms) = preSolution
		Debug|Any CPU = Debug|Any CPU
		Release|Any CPU = Release|Any CPU
	EndGlobalSection
	GlobalSection(ProjectConfigurationPlatforms) = postSolution
		{0328400B-01C5-48BB-941B-04DF48880B71}.Debug|Any CPU.ActiveCfg = Debug|Any CPU
		{0328400B-01C5-48BB-941B-04DF48880B71}.Debug|Any CPU.Build.0 = Debug|Any CPU
		{0328400B-01C5-48BB-941B-04DF48880B71}.Release|Any CPU.ActiveCfg = Release|Any CPU
		{0328400B-01C5-48BB-941B-04DF48880B71}.Release|Any CPU.Build.0 = Release|Any CPU
		{1E89A914-8CFE-488D-BDCF-89E9A874CBB1}.Debug|Any CPU.ActiveCfg = Debug|Any CPU
		{1E89A914-8CFE-488D-BDCF-89E9A874CBB1}.Debug|Any CPU.Build.0 = Debug|Any CPU
		{1E89A914-8CFE-488D-BDCF-89E9A874CBB1}.Release|Any CPU.ActiveCfg = Release|Any CPU
		{1E89A914-8CFE-488D-BDCF-89E9A874CBB1}.Release|Any CPU.Build.0 = Release|Any CPU
	EndGlobalSection
	GlobalSection(SolutionProperties) = preSolution
		HideSolutionNode = FALSE
	EndGlobalSection
	GlobalSection(ExtensibilityGlobals) = postSolution
		SolutionGuid = {B25AAE3D-0EA8-4E30-8781-1A1115180271}
	EndGlobalSection
EndGlobal
